
Microsoft Visual Studio Solution File, Format Version 12.00
# Visual Studio Version 16
VisualStudioVersion = 16.0.30011.22
MinimumVisualStudioVersion = 15.0.26124.0
Project("{2150E333-8FDC-42A3-9474-1A3956D46DE8}") = "Azure.KeyVault", "Azure.KeyVault", "{CCC63594-43B2-43C7-97AE-2325632E81E0}"
EndProject
Project("{2150E333-8FDC-42A3-9474-1A3956D46DE8}") = "src", "src", "{DC698FDA-9DAF-4FC1-A31A-93350FD5EFB8}"
EndProject
Project("{9A19103F-16F7-4668-BE54-9A1E7A4F7556}") = "Extensions.KeyVault", "Azure.KeyVault\src\Extensions.KeyVault\Extensions.KeyVault.csproj", "{8CB640C3-FD92-411D-959D-533D36C16444}"
EndProject
Project("{2150E333-8FDC-42A3-9474-1A3956D46DE8}") = "samples", "samples", "{1074E8CE-2B01-4B7A-9298-A4A773A063A5}"
EndProject
Project("{9A19103F-16F7-4668-BE54-9A1E7A4F7556}") = "Extensions.KeyVault.Sample.v2", "Azure.KeyVault\samples\Extensions.KeyVault.Sample.v2\Extensions.KeyVault.Sample.v2.csproj", "{5516DE4D-DF92-48D4-AA95-589F75BAA72C}"
EndProject
Project("{9A19103F-16F7-4668-BE54-9A1E7A4F7556}") = "Extensions.KeyVault.Sample.v3", "Azure.KeyVault\samples\Extensions.KeyVault.Sample.v3\Extensions.KeyVault.Sample.v3.csproj", "{B1234B08-096B-4D8C-9E06-5E30715ED49B}"
EndProject
Global
	GlobalSection(SolutionConfigurationPlatforms) = preSolution
		Debug|Any CPU = Debug|Any CPU
		Debug|x64 = Debug|x64
		Debug|x86 = Debug|x86
		Release|Any CPU = Release|Any CPU
		Release|x64 = Release|x64
		Release|x86 = Release|x86
	EndGlobalSection
	GlobalSection(ProjectConfigurationPlatforms) = postSolution
		{8CB640C3-FD92-411D-959D-533D36C16444}.Debug|Any CPU.ActiveCfg = Debug|Any CPU
		{8CB640C3-FD92-411D-959D-533D36C16444}.Debug|Any CPU.Build.0 = Debug|Any CPU
		{8CB640C3-FD92-411D-959D-533D36C16444}.Debug|x64.ActiveCfg = Debug|Any CPU
		{8CB640C3-FD92-411D-959D-533D36C16444}.Debug|x64.Build.0 = Debug|Any CPU
		{8CB640C3-FD92-411D-959D-533D36C16444}.Debug|x86.ActiveCfg = Debug|Any CPU
		{8CB640C3-FD92-411D-959D-533D36C16444}.Debug|x86.Build.0 = Debug|Any CPU
		{8CB640C3-FD92-411D-959D-533D36C16444}.Release|Any CPU.ActiveCfg = Release|Any CPU
		{8CB640C3-FD92-411D-959D-533D36C16444}.Release|Any CPU.Build.0 = Release|Any CPU
		{8CB640C3-FD92-411D-959D-533D36C16444}.Release|x64.ActiveCfg = Release|Any CPU
		{8CB640C3-FD92-411D-959D-533D36C16444}.Release|x64.Build.0 = Release|Any CPU
		{8CB640C3-FD92-411D-959D-533D36C16444}.Release|x86.ActiveCfg = Release|Any CPU
		{8CB640C3-FD92-411D-959D-533D36C16444}.Release|x86.Build.0 = Release|Any CPU
		{5516DE4D-DF92-48D4-AA95-589F75BAA72C}.Debug|Any CPU.ActiveCfg = Debug|Any CPU
		{5516DE4D-DF92-48D4-AA95-589F75BAA72C}.Debug|Any CPU.Build.0 = Debug|Any CPU
		{5516DE4D-DF92-48D4-AA95-589F75BAA72C}.Debug|x64.ActiveCfg = Debug|Any CPU
		{5516DE4D-DF92-48D4-AA95-589F75BAA72C}.Debug|x64.Build.0 = Debug|Any CPU
		{5516DE4D-DF92-48D4-AA95-589F75BAA72C}.Debug|x86.ActiveCfg = Debug|Any CPU
		{5516DE4D-DF92-48D4-AA95-589F75BAA72C}.Debug|x86.Build.0 = Debug|Any CPU
		{5516DE4D-DF92-48D4-AA95-589F75BAA72C}.Release|Any CPU.ActiveCfg = Release|Any CPU
		{5516DE4D-DF92-48D4-AA95-589F75BAA72C}.Release|Any CPU.Build.0 = Release|Any CPU
		{5516DE4D-DF92-48D4-AA95-589F75BAA72C}.Release|x64.ActiveCfg = Release|Any CPU
		{5516DE4D-DF92-48D4-AA95-589F75BAA72C}.Release|x64.Build.0 = Release|Any CPU
		{5516DE4D-DF92-48D4-AA95-589F75BAA72C}.Release|x86.ActiveCfg = Release|Any CPU
		{5516DE4D-DF92-48D4-AA95-589F75BAA72C}.Release|x86.Build.0 = Release|Any CPU
		{B1234B08-096B-4D8C-9E06-5E30715ED49B}.Debug|Any CPU.ActiveCfg = Debug|Any CPU
		{B1234B08-096B-4D8C-9E06-5E30715ED49B}.Debug|Any CPU.Build.0 = Debug|Any CPU
		{B1234B08-096B-4D8C-9E06-5E30715ED49B}.Debug|x64.ActiveCfg = Debug|Any CPU
		{B1234B08-096B-4D8C-9E06-5E30715ED49B}.Debug|x64.Build.0 = Debug|Any CPU
		{B1234B08-096B-4D8C-9E06-5E30715ED49B}.Debug|x86.ActiveCfg = Debug|Any CPU
		{B1234B08-096B-4D8C-9E06-5E30715ED49B}.Debug|x86.Build.0 = Debug|Any CPU
		{B1234B08-096B-4D8C-9E06-5E30715ED49B}.Release|Any CPU.ActiveCfg = Release|Any CPU
		{B1234B08-096B-4D8C-9E06-5E30715ED49B}.Release|Any CPU.Build.0 = Release|Any CPU
		{B1234B08-096B-4D8C-9E06-5E30715ED49B}.Release|x64.ActiveCfg = Release|Any CPU
		{B1234B08-096B-4D8C-9E06-5E30715ED49B}.Release|x64.Build.0 = Release|Any CPU
		{B1234B08-096B-4D8C-9E06-5E30715ED49B}.Release|x86.ActiveCfg = Release|Any CPU
		{B1234B08-096B-4D8C-9E06-5E30715ED49B}.Release|x86.Build.0 = Release|Any CPU
	EndGlobalSection
	GlobalSection(SolutionProperties) = preSolution
		HideSolutionNode = FALSE
	EndGlobalSection
	GlobalSection(NestedProjects) = preSolution
		{DC698FDA-9DAF-4FC1-A31A-93350FD5EFB8} = {CCC63594-43B2-43C7-97AE-2325632E81E0}
		{8CB640C3-FD92-411D-959D-533D36C16444} = {DC698FDA-9DAF-4FC1-A31A-93350FD5EFB8}
		{1074E8CE-2B01-4B7A-9298-A4A773A063A5} = {CCC63594-43B2-43C7-97AE-2325632E81E0}
		{5516DE4D-DF92-48D4-AA95-589F75BAA72C} = {1074E8CE-2B01-4B7A-9298-A4A773A063A5}
		{B1234B08-096B-4D8C-9E06-5E30715ED49B} = {1074E8CE-2B01-4B7A-9298-A4A773A063A5}
	EndGlobalSection
	GlobalSection(ExtensibilityGlobals) = postSolution
		SolutionGuid = {B745D39E-9DC0-463B-BD01-092772ABAA75}
	EndGlobalSection
EndGlobal
